
Microsoft Visual Studio Solution File, Format Version 12.00
# Visual Studio Version 17
VisualStudioVersion = 17.5.002.0
MinimumVisualStudioVersion = 10.0.40219.1
Project("{9A19103F-16F7-4668-BE54-9A1E7A4F7556}") = "Timer", "Timer.csproj", "{A9CBA351-F87B-4F50-968A-0B5B17D18E00}"
EndProject
Global
	GlobalSection(SolutionConfigurationPlatforms) = preSolution
		Debug|Any CPU = Debug|Any CPU
		Release|Any CPU = Release|Any CPU
	EndGlobalSection
	GlobalSection(ProjectConfigurationPlatforms) = postSolution
		{A9CBA351-F87B-4F50-968A-0B5B17D18E00}.Debug|Any CPU.ActiveCfg = Debug|Any CPU
		{A9CBA351-F87B-4F50-968A-0B5B17D18E00}.Debug|Any CPU.Build.0 = Debug|Any CPU
		{A9CBA351-F87B-4F50-968A-0B5B17D18E00}.Release|Any CPU.ActiveCfg = Release|Any CPU
		{A9CBA351-F87B-4F50-968A-0B5B17D18E00}.Release|Any CPU.Build.0 = Release|Any CPU
	EndGlobalSection
	GlobalSection(SolutionProperties) = preSolution
		HideSolutionNode = FALSE
	EndGlobalSection
	GlobalSection(ExtensibilityGlobals) = postSolution
		SolutionGuid = {8B6AA69B-6C38-40B7-9330-E2DE3156E537}
	EndGlobalSection
EndGlobal
